PODS:
  - PDMUtils (1.0.1)
  - VHUD (1.3.1)

DEPENDENCIES:
  - PDMUtils (from `../PDMUtils/PDMUtils/`)
  - VHUD

SPEC REPOS:
  https://github.com/CocoaPods/Specs.git:
    - VHUD

EXTERNAL SOURCES:
  PDMUtils:
    :path: "../PDMUtils/PDMUtils/"

SPEC CHECKSUMS:
  PDMUtils: 8a3f383579003ea85fb71bcd45b48fdd9bed72a3
  VHUD: 77add7891a2b02edba0790bb6be3b28e8961c85b

PODFILE CHECKSUM: 357f49c5049f57bfdeb0e03958a48e9c9c8ddbbb

COCOAPODS: 1.5.0
