PODS:
  - NVActivityIndicatorView (4.3.0):
    - NVActivityIndicatorView/Presenter (= 4.3.0)
  - NVActivityIndicatorView/Presenter (4.3.0)
  - PDMUtils (1.2.4)
  - UIFontComplete (3.0.0)

DEPENDENCIES:
  - NVActivityIndicatorView
  - PDMUtils
  - UIFontComplete

SPEC REPOS:
  https://github.com/cocoapods/specs.git:
    - NVActivityIndicatorView
    - PDMUtils
    - UIFontComplete

SPEC CHECKSUMS:
  NVActivityIndicatorView: 963f62bf9f993fcf23218e55958e5b1761b9504c
  PDMUtils: ed79524faf4c0ec99f26cccf65d941ddc43f7787
  UIFontComplete: 5b0f59a83308816c610164b79a2540b3520f9b72

PODFILE CHECKSUM: 264e0fec01c591ecbc3945632ea83a1e2301b9e3

COCOAPODS: 1.5.3
