// !$*UTF8*$!
{
	archiveVersion = 1;
	classes = {
	};
	objectVersion = 52;
	objects = {

/* Begin PBXBuildFile section */
		EB072E4F205F23490040EA23 /* MTAlbumCell.swift in Sources */ = {isa = PBXBuildFile; fileRef = EB072E4E205F23490040EA23 /* MTAlbumCell.swift */; };
		EB101CAF20606854007AFAE7 /* TabBarController.swift in Sources */ = {isa = PBXBuildFile; fileRef = EB101CAE20606854007AFAE7 /* TabBarController.swift */; };
		EB2E6DE6205EECB700588315 /* AppDelegate.swift in Sources */ = {isa = PBXBuildFile; fileRef = EB2E6DE5205EECB700588315 /* AppDelegate.swift */; };
		EB2E6DE8205EECB700588315 /* ArtistViewController.swift in Sources */ = {isa = PBXBuildFile; fileRef = EB2E6DE7205EECB700588315 /* ArtistViewController.swift */; };
		EB2E6DEA205EECB700588315 /* AlbumViewController.swift in Sources */ = {isa = PBXBuildFile; fileRef = EB2E6DE9205EECB700588315 /* AlbumViewController.swift */; };
		EB2E6DED205EECB700588315 /* Main.storyboard in Resources */ = {isa = PBXBuildFile; fileRef = EB2E6DEB205EECB700588315 /* Main.storyboard */; };
		EB2E6DEF205EECB700588315 /* Assets.xcassets in Resources */ = {isa = PBXBuildFile; fileRef = EB2E6DEE205EECB700588315 /* Assets.xcassets */; };
		EB2E6DF2205EECB700588315 /* LaunchScreen.storyboard in Resources */ = {isa = PBXBuildFile; fileRef = EB2E6DF0205EECB700588315 /* LaunchScreen.storyboard */; };
		EB2E6DFD205EECB700588315 /* MusicTouchTests.swift in Sources */ = {isa = PBXBuildFile; fileRef = EB2E6DFC205EECB700588315 /* MusicTouchTests.swift */; };
		EB2E6E08205EECB700588315 /* MusicTouchUITests.swift in Sources */ = {isa = PBXBuildFile; fileRef = EB2E6E07205EECB700588315 /* MusicTouchUITests.swift */; };
		EB2E6E16205EEE6F00588315 /* MTArtistCell.swift in Sources */ = {isa = PBXBuildFile; fileRef = EB2E6E15205EEE6F00588315 /* MTArtistCell.swift */; };
		EB2E6E1B205EFC5200588315 /* MTAlbumData.swift in Sources */ = {isa = PBXBuildFile; fileRef = EB2E6E18205EFC5200588315 /* MTAlbumData.swift */; };
		EB2E6E1C205EFC5200588315 /* MTArtistData.swift in Sources */ = {isa = PBXBuildFile; fileRef = EB2E6E19205EFC5200588315 /* MTArtistData.swift */; };
		EB339E1F2060716A00D7092A /* Constant.swift in Sources */ = {isa = PBXBuildFile; fileRef = EB339E1E2060716A00D7092A /* Constant.swift */; };
		EB339E2120607FBE00D7092A /* PlayViewController.swift in Sources */ = {isa = PBXBuildFile; fileRef = EB339E2020607FBE00D7092A /* PlayViewController.swift */; };
		EB34A34C20C058AF0055A7AC /* VolumeView.swift in Sources */ = {isa = PBXBuildFile; fileRef = EB34A34B20C058AF0055A7AC /* VolumeView.swift */; };
		EB3739562090D8B200BC4988 /* QueueViewController.swift in Sources */ = {isa = PBXBuildFile; fileRef = EB3739552090D8B200BC4988 /* QueueViewController.swift */; };
		EB3739582090DF7800BC4988 /* QueueCell.swift in Sources */ = {isa = PBXBuildFile; fileRef = EB3739572090DF7800BC4988 /* QueueCell.swift */; };
		EB57DAF5243FA21200A06506 /* NVActivityIndicatorView in Frameworks */ = {isa = PBXBuildFile; productRef = EB57DAF4243FA21200A06506 /* NVActivityIndicatorView */; };
		EB68FBF02065930A00A2CB7E /* MTPlaylistData.swift in Sources */ = {isa = PBXBuildFile; fileRef = EB68FBEF2065930A00A2CB7E /* MTPlaylistData.swift */; };
		EB68FBF2206593DB00A2CB7E /* PlaylistViewController.swift in Sources */ = {isa = PBXBuildFile; fileRef = EB68FBF1206593DB00A2CB7E /* PlaylistViewController.swift */; };
		EB7752F120DAA030009060B6 /* MTData.swift in Sources */ = {isa = PBXBuildFile; fileRef = EB7752F020DAA030009060B6 /* MTData.swift */; };
		EB7752F320DAA308009060B6 /* MTSongData.swift in Sources */ = {isa = PBXBuildFile; fileRef = EB7752F220DAA308009060B6 /* MTSongData.swift */; };
		EB7752F520DAA504009060B6 /* MTCell.swift in Sources */ = {isa = PBXBuildFile; fileRef = EB7752F420DAA504009060B6 /* MTCell.swift */; };
		EB7752F720DABFF8009060B6 /* MTDataProtocol.swift in Sources */ = {isa = PBXBuildFile; fileRef = EB7752F620DABFF8009060B6 /* MTDataProtocol.swift */; };
		EB7752F920DAC2B4009060B6 /* MTCellDelegateProtocol.swift in Sources */ = {isa = PBXBuildFile; fileRef = EB7752F820DAC2B3009060B6 /* MTCellDelegateProtocol.swift */; };
		EB87367D20CEEBBC00CF643F /* DatastoreProtocol.swift in Sources */ = {isa = PBXBuildFile; fileRef = EB87367C20CEEBBC00CF643F /* DatastoreProtocol.swift */; };
		EB87367F20CEECB100CF643F /* DatastoreMock.swift in Sources */ = {isa = PBXBuildFile; fileRef = EB87367E20CEECB100CF643F /* DatastoreMock.swift */; };
		EB88740020ADE8A50075D9A4 /* artists.jpeg in Resources */ = {isa = PBXBuildFile; fileRef = EB8873FB20ADE8A40075D9A4 /* artists.jpeg */; };
		EB88740120ADE8A50075D9A4 /* albums.jpeg in Resources */ = {isa = PBXBuildFile; fileRef = EB8873FC20ADE8A40075D9A4 /* albums.jpeg */; };
		EB88740220ADE8A50075D9A4 /* songs.jpeg in Resources */ = {isa = PBXBuildFile; fileRef = EB8873FD20ADE8A50075D9A4 /* songs.jpeg */; };
		EB88740320ADE8A50075D9A4 /* playing.jpeg in Resources */ = {isa = PBXBuildFile; fileRef = EB8873FE20ADE8A50075D9A4 /* playing.jpeg */; };
		EB88740420ADE8A50075D9A4 /* volume.jpeg in Resources */ = {isa = PBXBuildFile; fileRef = EB8873FF20ADE8A50075D9A4 /* volume.jpeg */; };
		EB88DCD920E29CD100B2E878 /* MTCellParis.swift in Sources */ = {isa = PBXBuildFile; fileRef = EB88DCD820E29CD100B2E878 /* MTCellParis.swift */; };
		EB88DCDB20E29F4700B2E878 /* MTCellFactory.swift in Sources */ = {isa = PBXBuildFile; fileRef = EB88DCDA20E29F4700B2E878 /* MTCellFactory.swift */; };
		EB8EB2AD243E39D40086781D /* PDMMediaLibrary.swift in Sources */ = {isa = PBXBuildFile; fileRef = EB8EB2AC243E39D40086781D /* PDMMediaLibrary.swift */; };
		EB9251B820B48D9600839E9B /* UIImageView.swift in Sources */ = {isa = PBXBuildFile; fileRef = EB9251B720B48D9600839E9B /* UIImageView.swift */; };
		EB9A1AAB243FA33400B53E43 /* UIFontComplete in Frameworks */ = {isa = PBXBuildFile; productRef = EB9A1AAA243FA33400B53E43 /* UIFontComplete */; };
		EBAB5DD5205F2A7D00FD3FF8 /* SongViewController.swift in Sources */ = {isa = PBXBuildFile; fileRef = EBAB5DD4205F2A7D00FD3FF8 /* SongViewController.swift */; };
		EBAB5DD7205F2BA800FD3FF8 /* MTSongCell.swift in Sources */ = {isa = PBXBuildFile; fileRef = EBAB5DD6205F2BA800FD3FF8 /* MTSongCell.swift */; };
		EBBD6E0920E531E20037CD2B /* MTCellLondon.swift in Sources */ = {isa = PBXBuildFile; fileRef = EBBD6E0820E531E20037CD2B /* MTCellLondon.swift */; };
		EBC7D15920FA09D200C5BCE0 /* NVActivityIndicatorViewFactory.swift in Sources */ = {isa = PBXBuildFile; fileRef = EBC7D15820FA09D200C5BCE0 /* NVActivityIndicatorViewFactory.swift */; };
		EBC7D15B20FA329F00C5BCE0 /* CGRect.swift in Sources */ = {isa = PBXBuildFile; fileRef = EBC7D15A20FA329F00C5BCE0 /* CGRect.swift */; };
		EBD391E6207E72E400E2E47A /* UIImage.swift in Sources */ = {isa = PBXBuildFile; fileRef = EBD391E5207E72E400E2E47A /* UIImage.swift */; };
		EBEAA60D230DB8430005BBB3 /* (null) in Embed Frameworks */ = {isa = PBXBuildFile; settings = {ATTRIBUTES = (CodeSignOnCopy, RemoveHeadersOnCopy, ); }; };
		EBF25318243E3DE300B84F3A /* PDMPlayer.swift in Sources */ = {isa = PBXBuildFile; fileRef = EBF25317243E3DE300B84F3A /* PDMPlayer.swift */; };
		EBF2BD2B206597040051C7F5 /* MTPlaylistCell.swift in Sources */ = {isa = PBXBuildFile; fileRef = EBF2BD2A206597040051C7F5 /* MTPlaylistCell.swift */; };
		EBF67543210102CB00B35ED7 /* MTAudioEqualizer.swift in Sources */ = {isa = PBXBuildFile; fileRef = EBF67542210102CB00B35ED7 /* MTAudioEqualizer.swift */; };
		EBFD73922066DBA60056FB12 /* DataStore.swift in Sources */ = {isa = PBXBuildFile; fileRef = EBFD73912066DBA60056FB12 /* DataStore.swift */; };
/* End PBXBuildFile section */

/* Begin PBXContainerItemProxy section */
		EB2E6DF9205EECB700588315 /* PBXContainerItemProxy */ = {
			isa = PBXContainerItemProxy;
			containerPortal = EB2E6DDA205EECB700588315 /* Project object */;
			proxyType = 1;
			remoteGlobalIDString = EB2E6DE1205EECB700588315;
			remoteInfo = MusicTouch;
		};
		EB2E6E04205EECB700588315 /* PBXContainerItemProxy */ = {
			isa = PBXContainerItemProxy;
			containerPortal = EB2E6DDA205EECB700588315 /* Project object */;
			proxyType = 1;
			remoteGlobalIDString = EB2E6DE1205EECB700588315;
			remoteInfo = MusicTouch;
		};
/* End PBXContainerItemProxy section */

/* Begin PBXCopyFilesBuildPhase section */
		EBEAA60B230DB83E0005BBB3 /* Embed Frameworks */ = {
			isa = PBXCopyFilesBuildPhase;
			buildActionMask = 2147483647;
			dstPath = "";
			dstSubfolderSpec = 10;
			files = (
				EBEAA60D230DB8430005BBB3 /* (null) in Embed Frameworks */,
			);
			name = "Embed Frameworks";
			runOnlyForDeploymentPostprocessing = 0;
		};
/* End PBXCopyFilesBuildPhase section */

/* Begin PBXFileReference section */
		EB072E4E205F23490040EA23 /* MTAlbumCell.swift */ = {isa = PBXFileReference; lastKnownFileType = sourcecode.swift; path = MTAlbumCell.swift; sourceTree = "<group>"; };
		EB101CAE20606854007AFAE7 /* TabBarController.swift */ = {isa = PBXFileReference; lastKnownFileType = sourcecode.swift; path = TabBarController.swift; sourceTree = "<group>"; wrapsLines = 0; };
		EB123763243B47A5006FA209 /* MusicTouch.entitlements */ = {isa = PBXFileReference; lastKnownFileType = text.plist.entitlements; path = MusicTouch.entitlements; sourceTree = "<group>"; };
		EB2E6DE2205EECB700588315 /* MusicTouch.app */ = {isa = PBXFileReference; explicitFileType = wrapper.application; includeInIndex = 0; path = MusicTouch.app; sourceTree = BUILT_PRODUCTS_DIR; };
		EB2E6DE5205EECB700588315 /* AppDelegate.swift */ = {isa = PBXFileReference; lastKnownFileType = sourcecode.swift; path = AppDelegate.swift; sourceTree = "<group>"; wrapsLines = 0; };
		EB2E6DE7205EECB700588315 /* ArtistViewController.swift */ = {isa = PBXFileReference; lastKnownFileType = sourcecode.swift; path = ArtistViewController.swift; sourceTree = "<group>"; wrapsLines = 0; };
		EB2E6DE9205EECB700588315 /* AlbumViewController.swift */ = {isa = PBXFileReference; lastKnownFileType = sourcecode.swift; path = AlbumViewController.swift; sourceTree = "<group>"; wrapsLines = 0; };
		EB2E6DEC205EECB700588315 /* Base */ = {isa = PBXFileReference; lastKnownFileType = file.storyboard; name = Base; path = Base.lproj/Main.storyboard; sourceTree = "<group>"; };
		EB2E6DEE205EECB700588315 /* Assets.xcassets */ = {isa = PBXFileReference; lastKnownFileType = folder.assetcatalog; path = Assets.xcassets; sourceTree = "<group>"; };
		EB2E6DF1205EECB700588315 /* Base */ = {isa = PBXFileReference; lastKnownFileType = file.storyboard; name = Base; path = Base.lproj/LaunchScreen.storyboard; sourceTree = "<group>"; };
		EB2E6DF3205EECB700588315 /* Info.plist */ = {isa = PBXFileReference; lastKnownFileType = text.plist.xml; path = Info.plist; sourceTree = "<group>"; };
		EB2E6DF8205EECB700588315 /* MusicTouchTests.xctest */ = {isa = PBXFileReference; explicitFileType = wrapper.cfbundle; includeInIndex = 0; path = MusicTouchTests.xctest; sourceTree = BUILT_PRODUCTS_DIR; };
		EB2E6DFC205EECB700588315 /* MusicTouchTests.swift */ = {isa = PBXFileReference; lastKnownFileType = sourcecode.swift; path = MusicTouchTests.swift; sourceTree = "<group>"; };
		EB2E6DFE205EECB700588315 /* Info.plist */ = {isa = PBXFileReference; lastKnownFileType = text.plist.xml; path = Info.plist; sourceTree = "<group>"; };
		EB2E6E03205EECB700588315 /* MusicTouchUITests.xctest */ = {isa = PBXFileReference; explicitFileType = wrapper.cfbundle; includeInIndex = 0; path = MusicTouchUITests.xctest; sourceTree = BUILT_PRODUCTS_DIR; };
		EB2E6E07205EECB700588315 /* MusicTouchUITests.swift */ = {isa = PBXFileReference; lastKnownFileType = sourcecode.swift; path = MusicTouchUITests.swift; sourceTree = "<group>"; };
		EB2E6E09205EECB700588315 /* Info.plist */ = {isa = PBXFileReference; lastKnownFileType = text.plist.xml; path = Info.plist; sourceTree = "<group>"; };
		EB2E6E15205EEE6F00588315 /* MTArtistCell.swift */ = {isa = PBXFileReference; lastKnownFileType = sourcecode.swift; path = MTArtistCell.swift; sourceTree = "<group>"; wrapsLines = 0; };
		EB2E6E18205EFC5200588315 /* MTAlbumData.swift */ = {isa = PBXFileReference; fileEncoding = 4; lastKnownFileType = sourcecode.swift; path = MTAlbumData.swift; sourceTree = "<group>"; wrapsLines = 0; };
		EB2E6E19205EFC5200588315 /* MTArtistData.swift */ = {isa = PBXFileReference; fileEncoding = 4; lastKnownFileType = sourcecode.swift; path = MTArtistData.swift; sourceTree = "<group>"; };
		EB339E1E2060716A00D7092A /* Constant.swift */ = {isa = PBXFileReference; lastKnownFileType = sourcecode.swift; path = Constant.swift; sourceTree = "<group>"; };
		EB339E2020607FBE00D7092A /* PlayViewController.swift */ = {isa = PBXFileReference; lastKnownFileType = sourcecode.swift; path = PlayViewController.swift; sourceTree = "<group>"; wrapsLines = 0; };
		EB34A34B20C058AF0055A7AC /* VolumeView.swift */ = {isa = PBXFileReference; lastKnownFileType = sourcecode.swift; path = VolumeView.swift; sourceTree = "<group>"; wrapsLines = 0; };
		EB3739552090D8B200BC4988 /* QueueViewController.swift */ = {isa = PBXFileReference; lastKnownFileType = sourcecode.swift; path = QueueViewController.swift; sourceTree = "<group>"; };
		EB3739572090DF7800BC4988 /* QueueCell.swift */ = {isa = PBXFileReference; lastKnownFileType = sourcecode.swift; path = QueueCell.swift; sourceTree = "<group>"; wrapsLines = 0; };
		EB68FBEF2065930A00A2CB7E /* MTPlaylistData.swift */ = {isa = PBXFileReference; lastKnownFileType = sourcecode.swift; path = MTPlaylistData.swift; sourceTree = "<group>"; };
		EB68FBF1206593DB00A2CB7E /* PlaylistViewController.swift */ = {isa = PBXFileReference; lastKnownFileType = sourcecode.swift; path = PlaylistViewController.swift; sourceTree = "<group>"; wrapsLines = 0; };
		EB7752F020DAA030009060B6 /* MTData.swift */ = {isa = PBXFileReference; lastKnownFileType = sourcecode.swift; path = MTData.swift; sourceTree = "<group>"; };
		EB7752F220DAA308009060B6 /* MTSongData.swift */ = {isa = PBXFileReference; lastKnownFileType = sourcecode.swift; path = MTSongData.swift; sourceTree = "<group>"; wrapsLines = 0; };
		EB7752F420DAA504009060B6 /* MTCell.swift */ = {isa = PBXFileReference; lastKnownFileType = sourcecode.swift; path = MTCell.swift; sourceTree = "<group>"; };
		EB7752F620DABFF8009060B6 /* MTDataProtocol.swift */ = {isa = PBXFileReference; lastKnownFileType = sourcecode.swift; path = MTDataProtocol.swift; sourceTree = "<group>"; };
		EB7752F820DAC2B3009060B6 /* MTCellDelegateProtocol.swift */ = {isa = PBXFileReference; lastKnownFileType = sourcecode.swift; path = MTCellDelegateProtocol.swift; sourceTree = "<group>"; };
		EB87367C20CEEBBC00CF643F /* DatastoreProtocol.swift */ = {isa = PBXFileReference; lastKnownFileType = sourcecode.swift; path = DatastoreProtocol.swift; sourceTree = "<group>"; };
		EB87367E20CEECB100CF643F /* DatastoreMock.swift */ = {isa = PBXFileReference; lastKnownFileType = sourcecode.swift; path = DatastoreMock.swift; sourceTree = "<group>"; wrapsLines = 0; };
		EB8873FB20ADE8A40075D9A4 /* artists.jpeg */ = {isa = PBXFileReference; lastKnownFileType = image.jpeg; path = artists.jpeg; sourceTree = "<group>"; };
		EB8873FC20ADE8A40075D9A4 /* albums.jpeg */ = {isa = PBXFileReference; lastKnownFileType = image.jpeg; path = albums.jpeg; sourceTree = "<group>"; };
		EB8873FD20ADE8A50075D9A4 /* songs.jpeg */ = {isa = PBXFileReference; lastKnownFileType = image.jpeg; path = songs.jpeg; sourceTree = "<group>"; };
		EB8873FE20ADE8A50075D9A4 /* playing.jpeg */ = {isa = PBXFileReference; lastKnownFileType = image.jpeg; path = playing.jpeg; sourceTree = "<group>"; };
		EB8873FF20ADE8A50075D9A4 /* volume.jpeg */ = {isa = PBXFileReference; lastKnownFileType = image.jpeg; path = volume.jpeg; sourceTree = "<group>"; };
		EB88DCD820E29CD100B2E878 /* MTCellParis.swift */ = {isa = PBXFileReference; lastKnownFileType = sourcecode.swift; path = MTCellParis.swift; sourceTree = "<group>"; };
		EB88DCDA20E29F4700B2E878 /* MTCellFactory.swift */ = {isa = PBXFileReference; lastKnownFileType = sourcecode.swift; path = MTCellFactory.swift; sourceTree = "<group>"; };
		EB8EB2AC243E39D40086781D /* PDMMediaLibrary.swift */ = {isa = PBXFileReference; fileEncoding = 4; lastKnownFileType = sourcecode.swift; path = PDMMediaLibrary.swift; sourceTree = "<group>"; };
		EB9251B720B48D9600839E9B /* UIImageView.swift */ = {isa = PBXFileReference; lastKnownFileType = sourcecode.swift; path = UIImageView.swift; sourceTree = "<group>"; };
		EBAB5DD4205F2A7D00FD3FF8 /* SongViewController.swift */ = {isa = PBXFileReference; lastKnownFileType = sourcecode.swift; path = SongViewController.swift; sourceTree = "<group>"; wrapsLines = 0; };
		EBAB5DD6205F2BA800FD3FF8 /* MTSongCell.swift */ = {isa = PBXFileReference; lastKnownFileType = sourcecode.swift; path = MTSongCell.swift; sourceTree = "<group>"; };
		EBBD6E0820E531E20037CD2B /* MTCellLondon.swift */ = {isa = PBXFileReference; lastKnownFileType = sourcecode.swift; path = MTCellLondon.swift; sourceTree = "<group>"; };
		EBC7D15820FA09D200C5BCE0 /* NVActivityIndicatorViewFactory.swift */ = {isa = PBXFileReference; lastKnownFileType = sourcecode.swift; path = NVActivityIndicatorViewFactory.swift; sourceTree = "<group>"; };
		EBC7D15A20FA329F00C5BCE0 /* CGRect.swift */ = {isa = PBXFileReference; lastKnownFileType = sourcecode.swift; path = CGRect.swift; sourceTree = "<group>"; wrapsLines = 0; };
		EBD391E5207E72E400E2E47A /* UIImage.swift */ = {isa = PBXFileReference; lastKnownFileType = sourcecode.swift; path = UIImage.swift; sourceTree = "<group>"; wrapsLines = 0; };
		EBDA5830205F00F20063C245 /* xcschememanagement.plist */ = {isa = PBXFileReference; lastKnownFileType = text.plist.xml; name = xcschememanagement.plist; path = MusicTouch.xcodeproj/xcuserdata/pedro.xcuserdatad/xcschemes/xcschememanagement.plist; sourceTree = "<group>"; };
		EBF25317243E3DE300B84F3A /* PDMPlayer.swift */ = {isa = PBXFileReference; fileEncoding = 4; lastKnownFileType = sourcecode.swift; path = PDMPlayer.swift; sourceTree = "<group>"; };
		EBF2BD2A206597040051C7F5 /* MTPlaylistCell.swift */ = {isa = PBXFileReference; lastKnownFileType = sourcecode.swift; path = MTPlaylistCell.swift; sourceTree = "<group>"; wrapsLines = 0; };
		EBF67542210102CB00B35ED7 /* MTAudioEqualizer.swift */ = {isa = PBXFileReference; lastKnownFileType = sourcecode.swift; path = MTAudioEqualizer.swift; sourceTree = "<group>"; };
		EBFD73912066DBA60056FB12 /* DataStore.swift */ = {isa = PBXFileReference; lastKnownFileType = sourcecode.swift; path = DataStore.swift; sourceTree = "<group>"; wrapsLines = 0; };
/* End PBXFileReference section */

/* Begin PBXFrameworksBuildPhase section */
		EB2E6DDF205EECB700588315 /* Frameworks */ = {
			isa = PBXFrameworksBuildPhase;
			buildActionMask = 2147483647;
			files = (
				EB57DAF5243FA21200A06506 /* NVActivityIndicatorView in Frameworks */,
				EB9A1AAB243FA33400B53E43 /* UIFontComplete in Frameworks */,
			);
			runOnlyForDeploymentPostprocessing = 0;
		};
		EB2E6DF5205EECB700588315 /* Frameworks */ = {
			isa = PBXFrameworksBuildPhase;
			buildActionMask = 2147483647;
			files = (
			);
			runOnlyForDeploymentPostprocessing = 0;
		};
		EB2E6E00205EECB700588315 /* Frameworks */ = {
			isa = PBXFrameworksBuildPhase;
			buildActionMask = 2147483647;
			files = (
			);
			runOnlyForDeploymentPostprocessing = 0;
		};
/* End PBXFrameworksBuildPhase section */

/* Begin PBXGroup section */
		EB2E6DD9205EECB700588315 = {
			isa = PBXGroup;
			children = (
				EB8873FA20ADE8270075D9A4 /* Previews */,
				EB2E6DE4205EECB700588315 /* MusicTouch */,
				EB2E6DFB205EECB700588315 /* MusicTouchTests */,
				EB2E6E06205EECB700588315 /* MusicTouchUITests */,
				EB2E6DE3205EECB700588315 /* Products */,
				EB2E6E27205EFDFD00588315 /* Frameworks */,
			);
			sourceTree = "<group>";
		};
		EB2E6DE3205EECB700588315 /* Products */ = {
			isa = PBXGroup;
			children = (
				EB2E6DE2205EECB700588315 /* MusicTouch.app */,
				EB2E6DF8205EECB700588315 /* MusicTouchTests.xctest */,
				EB2E6E03205EECB700588315 /* MusicTouchUITests.xctest */,
			);
			name = Products;
			sourceTree = "<group>";
		};
		EB2E6DE4205EECB700588315 /* MusicTouch */ = {
			isa = PBXGroup;
			children = (
				EB123763243B47A5006FA209 /* MusicTouch.entitlements */,
				EB2E6DE5205EECB700588315 /* AppDelegate.swift */,
				EB339E1E2060716A00D7092A /* Constant.swift */,
				EB8EB2AB243E39850086781D /* MediaLibrary */,
				EBC7D15720FA09AF00C5BCE0 /* Factory */,
				EB34A34A20C058880055A7AC /* UI */,
				EBD391E4207E72C500E2E47A /* Extension */,
				EB2E6E26205EFCD800588315 /* Cell */,
				EB2E6E25205EFCC900588315 /* ViewController */,
				EB2E6E1E205EFCAB00588315 /* DataStore */,
				EB2E6E17205EFC5200588315 /* Model */,
				EB87367920CEEB8F00CF643F /* Protocol */,
				EB2E6DEE205EECB700588315 /* Assets.xcassets */,
				EB2E6DEB205EECB700588315 /* Main.storyboard */,
				EB2E6DF0205EECB700588315 /* LaunchScreen.storyboard */,
				EB2E6DF3205EECB700588315 /* Info.plist */,
			);
			path = MusicTouch;
			sourceTree = "<group>";
		};
		EB2E6DFB205EECB700588315 /* MusicTouchTests */ = {
			isa = PBXGroup;
			children = (
				EB2E6DFC205EECB700588315 /* MusicTouchTests.swift */,
				EB2E6DFE205EECB700588315 /* Info.plist */,
			);
			path = MusicTouchTests;
			sourceTree = "<group>";
		};
		EB2E6E06205EECB700588315 /* MusicTouchUITests */ = {
			isa = PBXGroup;
			children = (
				EB2E6E07205EECB700588315 /* MusicTouchUITests.swift */,
				EB2E6E09205EECB700588315 /* Info.plist */,
			);
			path = MusicTouchUITests;
			sourceTree = "<group>";
		};
		EB2E6E17205EFC5200588315 /* Model */ = {
			isa = PBXGroup;
			children = (
				EB7752F020DAA030009060B6 /* MTData.swift */,
				EB68FBEF2065930A00A2CB7E /* MTPlaylistData.swift */,
				EB2E6E19205EFC5200588315 /* MTArtistData.swift */,
				EB2E6E18205EFC5200588315 /* MTAlbumData.swift */,
				EB7752F220DAA308009060B6 /* MTSongData.swift */,
			);
			path = Model;
			sourceTree = "<group>";
		};
		EB2E6E1E205EFCAB00588315 /* DataStore */ = {
			isa = PBXGroup;
			children = (
				EBFD73912066DBA60056FB12 /* DataStore.swift */,
				EB87367E20CEECB100CF643F /* DatastoreMock.swift */,
			);
			path = DataStore;
			sourceTree = "<group>";
		};
		EB2E6E25205EFCC900588315 /* ViewController */ = {
			isa = PBXGroup;
			children = (
				EB101CAE20606854007AFAE7 /* TabBarController.swift */,
				EB68FBF1206593DB00A2CB7E /* PlaylistViewController.swift */,
				EB2E6DE7205EECB700588315 /* ArtistViewController.swift */,
				EB2E6DE9205EECB700588315 /* AlbumViewController.swift */,
				EBAB5DD4205F2A7D00FD3FF8 /* SongViewController.swift */,
				EB339E2020607FBE00D7092A /* PlayViewController.swift */,
				EB3739552090D8B200BC4988 /* QueueViewController.swift */,
			);
			path = ViewController;
			sourceTree = "<group>";
		};
		EB2E6E26205EFCD800588315 /* Cell */ = {
			isa = PBXGroup;
			children = (
				EB7752F420DAA504009060B6 /* MTCell.swift */,
				EB88DCD820E29CD100B2E878 /* MTCellParis.swift */,
				EBBD6E0820E531E20037CD2B /* MTCellLondon.swift */,
				EBF2BD2A206597040051C7F5 /* MTPlaylistCell.swift */,
				EB2E6E15205EEE6F00588315 /* MTArtistCell.swift */,
				EB072E4E205F23490040EA23 /* MTAlbumCell.swift */,
				EBAB5DD6205F2BA800FD3FF8 /* MTSongCell.swift */,
				EB3739572090DF7800BC4988 /* QueueCell.swift */,
			);
			path = Cell;
			sourceTree = "<group>";
		};
		EB2E6E27205EFDFD00588315 /* Frameworks */ = {
			isa = PBXGroup;
			children = (
				EBDA5830205F00F20063C245 /* xcschememanagement.plist */,
			);
			name = Frameworks;
			sourceTree = "<group>";
		};
		EB34A34A20C058880055A7AC /* UI */ = {
			isa = PBXGroup;
			children = (
				EB34A34B20C058AF0055A7AC /* VolumeView.swift */,
				EBF67542210102CB00B35ED7 /* MTAudioEqualizer.swift */,
			);
			path = UI;
			sourceTree = "<group>";
		};
		EB87367920CEEB8F00CF643F /* Protocol */ = {
			isa = PBXGroup;
			children = (
				EB87367C20CEEBBC00CF643F /* DatastoreProtocol.swift */,
				EB7752F620DABFF8009060B6 /* MTDataProtocol.swift */,
				EB7752F820DAC2B3009060B6 /* MTCellDelegateProtocol.swift */,
			);
			path = Protocol;
			sourceTree = "<group>";
		};
		EB8873FA20ADE8270075D9A4 /* Previews */ = {
			isa = PBXGroup;
			children = (
				EB8873FC20ADE8A40075D9A4 /* albums.jpeg */,
				EB8873FB20ADE8A40075D9A4 /* artists.jpeg */,
				EB8873FE20ADE8A50075D9A4 /* playing.jpeg */,
				EB8873FD20ADE8A50075D9A4 /* songs.jpeg */,
				EB8873FF20ADE8A50075D9A4 /* volume.jpeg */,
			);
			path = Previews;
			sourceTree = "<group>";
		};
		EB8EB2AB243E39850086781D /* MediaLibrary */ = {
			isa = PBXGroup;
			children = (
				EB8EB2AC243E39D40086781D /* PDMMediaLibrary.swift */,
				EBF25317243E3DE300B84F3A /* PDMPlayer.swift */,
			);
			path = MediaLibrary;
			sourceTree = "<group>";
		};
		EBC7D15720FA09AF00C5BCE0 /* Factory */ = {
			isa = PBXGroup;
			children = (
				EB88DCDA20E29F4700B2E878 /* MTCellFactory.swift */,
				EBC7D15820FA09D200C5BCE0 /* NVActivityIndicatorViewFactory.swift */,
			);
			path = Factory;
			sourceTree = "<group>";
		};
		EBD391E4207E72C500E2E47A /* Extension */ = {
			isa = PBXGroup;
			children = (
				EBD391E5207E72E400E2E47A /* UIImage.swift */,
				EB9251B720B48D9600839E9B /* UIImageView.swift */,
				EBC7D15A20FA329F00C5BCE0 /* CGRect.swift */,
			);
			path = Extension;
			sourceTree = "<group>";
		};
/* End PBXGroup section */

/* Begin PBXNativeTarget section */
		EB2E6DE1205EECB700588315 /* MusicTouch */ = {
			isa = PBXNativeTarget;
			buildConfigurationList = EB2E6E0C205EECB700588315 /* Build configuration list for PBXNativeTarget "MusicTouch" */;
			buildPhases = (
				EB2E6DDE205EECB700588315 /* Sources */,
				EB2E6DDF205EECB700588315 /* Frameworks */,
				EB2E6DE0205EECB700588315 /* Resources */,
				EBEAA60B230DB83E0005BBB3 /* Embed Frameworks */,
			);
			buildRules = (
			);
			dependencies = (
			);
			name = MusicTouch;
			packageProductDependencies = (
				EB57DAF4243FA21200A06506 /* NVActivityIndicatorView */,
				EB9A1AAA243FA33400B53E43 /* UIFontComplete */,
			);
			productName = MusicTouch;
			productReference = EB2E6DE2205EECB700588315 /* MusicTouch.app */;
			productType = "com.apple.product-type.application";
		};
		EB2E6DF7205EECB700588315 /* MusicTouchTests */ = {
			isa = PBXNativeTarget;
			buildConfigurationList = EB2E6E0F205EECB700588315 /* Build configuration list for PBXNativeTarget "MusicTouchTests" */;
			buildPhases = (
				EB2E6DF4205EECB700588315 /* Sources */,
				EB2E6DF5205EECB700588315 /* Frameworks */,
				EB2E6DF6205EECB700588315 /* Resources */,
			);
			buildRules = (
			);
			dependencies = (
				EB2E6DFA205EECB700588315 /* PBXTargetDependency */,
			);
			name = MusicTouchTests;
			productName = MusicTouchTests;
			productReference = EB2E6DF8205EECB700588315 /* MusicTouchTests.xctest */;
			productType = "com.apple.product-type.bundle.unit-test";
		};
		EB2E6E02205EECB700588315 /* MusicTouchUITests */ = {
			isa = PBXNativeTarget;
			buildConfigurationList = EB2E6E12205EECB700588315 /* Build configuration list for PBXNativeTarget "MusicTouchUITests" */;
			buildPhases = (
				EB2E6DFF205EECB700588315 /* Sources */,
				EB2E6E00205EECB700588315 /* Frameworks */,
				EB2E6E01205EECB700588315 /* Resources */,
			);
			buildRules = (
			);
			dependencies = (
				EB2E6E05205EECB700588315 /* PBXTargetDependency */,
			);
			name = MusicTouchUITests;
			productName = MusicTouchUITests;
			productReference = EB2E6E03205EECB700588315 /* MusicTouchUITests.xctest */;
			productType = "com.apple.product-type.bundle.ui-testing";
		};
/* End PBXNativeTarget section */

/* Begin PBXProject section */
		EB2E6DDA205EECB700588315 /* Project object */ = {
			isa = PBXProject;
			attributes = {
				LastSwiftUpdateCheck = 0920;
				LastUpgradeCheck = 0920;
				ORGANIZATIONNAME = "Pedro L. Diaz Montilla";
				TargetAttributes = {
					EB2E6DE1205EECB700588315 = {
						CreatedOnToolsVersion = 9.2;
						ProvisioningStyle = Automatic;
					};
					EB2E6DF7205EECB700588315 = {
						CreatedOnToolsVersion = 9.2;
						ProvisioningStyle = Automatic;
						TestTargetID = EB2E6DE1205EECB700588315;
					};
					EB2E6E02205EECB700588315 = {
						CreatedOnToolsVersion = 9.2;
						ProvisioningStyle = Automatic;
						TestTargetID = EB2E6DE1205EECB700588315;
					};
				};
			};
			buildConfigurationList = EB2E6DDD205EECB700588315 /* Build configuration list for PBXProject "MusicTouch" */;
			compatibilityVersion = "Xcode 8.0";
			developmentRegion = en;
			hasScannedForEncodings = 0;
			knownRegions = (
				en,
				Base,
			);
			mainGroup = EB2E6DD9205EECB700588315;
			packageReferences = (
				EB57DAF3243FA21200A06506 /* XCRemoteSwiftPackageReference "NVActivityIndicatorView" */,
				EB9A1AA9243FA33400B53E43 /* XCRemoteSwiftPackageReference "UIFontComplete" */,
			);
			productRefGroup = EB2E6DE3205EECB700588315 /* Products */;
			projectDirPath = "";
			projectRoot = "";
			targets = (
				EB2E6DE1205EECB700588315 /* MusicTouch */,
				EB2E6DF7205EECB700588315 /* MusicTouchTests */,
				EB2E6E02205EECB700588315 /* MusicTouchUITests */,
			);
		};
/* End PBXProject section */

/* Begin PBXResourcesBuildPhase section */
		EB2E6DE0205EECB700588315 /* Resources */ = {
			isa = PBXResourcesBuildPhase;
			buildActionMask = 2147483647;
			files = (
				EB88740220ADE8A50075D9A4 /* songs.jpeg in Resources */,
				EB2E6DF2205EECB700588315 /* LaunchScreen.storyboard in Resources */,
				EB88740120ADE8A50075D9A4 /* albums.jpeg in Resources */,
				EB2E6DEF205EECB700588315 /* Assets.xcassets in Resources */,
				EB88740020ADE8A50075D9A4 /* artists.jpeg in Resources */,
				EB88740320ADE8A50075D9A4 /* playing.jpeg in Resources */,
				EB2E6DED205EECB700588315 /* Main.storyboard in Resources */,
				EB88740420ADE8A50075D9A4 /* volume.jpeg in Resources */,
			);
			runOnlyForDeploymentPostprocessing = 0;
		};
		EB2E6DF6205EECB700588315 /* Resources */ = {
			isa = PBXResourcesBuildPhase;
			buildActionMask = 2147483647;
			files = (
			);
			runOnlyForDeploymentPostprocessing = 0;
		};
		EB2E6E01205EECB700588315 /* Resources */ = {
			isa = PBXResourcesBuildPhase;
			buildActionMask = 2147483647;
			files = (
			);
			runOnlyForDeploymentPostprocessing = 0;
		};
/* End PBXResourcesBuildPhase section */

/* Begin PBXSourcesBuildPhase section */
		EB2E6DDE205EECB700588315 /* Sources */ = {
			isa = PBXSourcesBuildPhase;
			buildActionMask = 2147483647;
			files = (
				EBC7D15920FA09D200C5BCE0 /* NVActivityIndicatorViewFactory.swift in Sources */,
				EBC7D15B20FA329F00C5BCE0 /* CGRect.swift in Sources */,
				EB87367F20CEECB100CF643F /* DatastoreMock.swift in Sources */,
				EB68FBF2206593DB00A2CB7E /* PlaylistViewController.swift in Sources */,
				EB7752F120DAA030009060B6 /* MTData.swift in Sources */,
				EB7752F320DAA308009060B6 /* MTSongData.swift in Sources */,
				EB2E6E1C205EFC5200588315 /* MTArtistData.swift in Sources */,
				EBAB5DD7205F2BA800FD3FF8 /* MTSongCell.swift in Sources */,
				EBF2BD2B206597040051C7F5 /* MTPlaylistCell.swift in Sources */,
				EB88DCDB20E29F4700B2E878 /* MTCellFactory.swift in Sources */,
				EB339E1F2060716A00D7092A /* Constant.swift in Sources */,
				EB2E6DEA205EECB700588315 /* AlbumViewController.swift in Sources */,
				EB7752F920DAC2B4009060B6 /* MTCellDelegateProtocol.swift in Sources */,
				EB2E6DE6205EECB700588315 /* AppDelegate.swift in Sources */,
				EBF67543210102CB00B35ED7 /* MTAudioEqualizer.swift in Sources */,
				EB87367D20CEEBBC00CF643F /* DatastoreProtocol.swift in Sources */,
				EB34A34C20C058AF0055A7AC /* VolumeView.swift in Sources */,
				EBFD73922066DBA60056FB12 /* DataStore.swift in Sources */,
				EB3739562090D8B200BC4988 /* QueueViewController.swift in Sources */,
				EB3739582090DF7800BC4988 /* QueueCell.swift in Sources */,
				EBF25318243E3DE300B84F3A /* PDMPlayer.swift in Sources */,
				EB2E6E16205EEE6F00588315 /* MTArtistCell.swift in Sources */,
				EB2E6DE8205EECB700588315 /* ArtistViewController.swift in Sources */,
				EBBD6E0920E531E20037CD2B /* MTCellLondon.swift in Sources */,
				EB339E2120607FBE00D7092A /* PlayViewController.swift in Sources */,
				EB68FBF02065930A00A2CB7E /* MTPlaylistData.swift in Sources */,
				EB88DCD920E29CD100B2E878 /* MTCellParis.swift in Sources */,
				EBAB5DD5205F2A7D00FD3FF8 /* SongViewController.swift in Sources */,
				EB7752F720DABFF8009060B6 /* MTDataProtocol.swift in Sources */,
				EB101CAF20606854007AFAE7 /* TabBarController.swift in Sources */,
				EB8EB2AD243E39D40086781D /* PDMMediaLibrary.swift in Sources */,
				EB9251B820B48D9600839E9B /* UIImageView.swift in Sources */,
				EB7752F520DAA504009060B6 /* MTCell.swift in Sources */,
				EBD391E6207E72E400E2E47A /* UIImage.swift in Sources */,
				EB072E4F205F23490040EA23 /* MTAlbumCell.swift in Sources */,
				EB2E6E1B205EFC5200588315 /* MTAlbumData.swift in Sources */,
			);
			runOnlyForDeploymentPostprocessing = 0;
		};
		EB2E6DF4205EECB700588315 /* Sources */ = {
			isa = PBXSourcesBuildPhase;
			buildActionMask = 2147483647;
			files = (
				EB2E6DFD205EECB700588315 /* MusicTouchTests.swift in Sources */,
			);
			runOnlyForDeploymentPostprocessing = 0;
		};
		EB2E6DFF205EECB700588315 /* Sources */ = {
			isa = PBXSourcesBuildPhase;
			buildActionMask = 2147483647;
			files = (
				EB2E6E08205EECB700588315 /* MusicTouchUITests.swift in Sources */,
			);
			runOnlyForDeploymentPostprocessing = 0;
		};
/* End PBXSourcesBuildPhase section */

/* Begin PBXTargetDependency section */
		EB2E6DFA205EECB700588315 /* PBXTargetDependency */ = {
			isa = PBXTargetDependency;
			target = EB2E6DE1205EECB700588315 /* MusicTouch */;
			targetProxy = EB2E6DF9205EECB700588315 /* PBXContainerItemProxy */;
		};
		EB2E6E05205EECB700588315 /* PBXTargetDependency */ = {
			isa = PBXTargetDependency;
			target = EB2E6DE1205EECB700588315 /* MusicTouch */;
			targetProxy = EB2E6E04205EECB700588315 /* PBXContainerItemProxy */;
		};
/* End PBXTargetDependency section */

/* Begin PBXVariantGroup section */
		EB2E6DEB205EECB700588315 /* Main.storyboard */ = {
			isa = PBXVariantGroup;
			children = (
				EB2E6DEC205EECB700588315 /* Base */,
			);
			name = Main.storyboard;
			sourceTree = "<group>";
		};
		EB2E6DF0205EECB700588315 /* LaunchScreen.storyboard */ = {
			isa = PBXVariantGroup;
			children = (
				EB2E6DF1205EECB700588315 /* Base */,
			);
			name = LaunchScreen.storyboard;
			sourceTree = "<group>";
		};
/* End PBXVariantGroup section */

/* Begin XCBuildConfiguration section */
		EB2E6E0A205EECB700588315 /* Debug */ = {
			isa = XCBuildConfiguration;
			buildSettings = {
				ALWAYS_SEARCH_USER_PATHS = NO;
				CLANG_ANALYZER_NONNULL = YES;
				CLANG_ANALYZER_NUMBER_OBJECT_CONVERSION = YES_AGGRESSIVE;
				CLANG_CXX_LANGUAGE_STANDARD = "gnu++14";
				CLANG_CXX_LIBRARY = "libc++";
				CLANG_ENABLE_MODULES = YES;
				CLANG_ENABLE_OBJC_ARC = YES;
				CLANG_WARN_BLOCK_CAPTURE_AUTORELEASING = YES;
				CLANG_WARN_BOOL_CONVERSION = YES;
				CLANG_WARN_COMMA = YES;
				CLANG_WARN_CONSTANT_CONVERSION = YES;
				CLANG_WARN_DIRECT_OBJC_ISA_USAGE = YES_ERROR;
				CLANG_WARN_DOCUMENTATION_COMMENTS = YES;
				CLANG_WARN_EMPTY_BODY = YES;
				CLANG_WARN_ENUM_CONVERSION = YES;
				CLANG_WARN_INFINITE_RECURSION = YES;
				CLANG_WARN_INT_CONVERSION = YES;
				CLANG_WARN_NON_LITERAL_NULL_CONVERSION = YES;
				CLANG_WARN_OBJC_LITERAL_CONVERSION = YES;
				CLANG_WARN_OBJC_ROOT_CLASS = YES_ERROR;
				CLANG_WARN_RANGE_LOOP_ANALYSIS = YES;
				CLANG_WARN_STRICT_PROTOTYPES = YES;
				CLANG_WARN_SUSPICIOUS_MOVE = YES;
				CLANG_WARN_UNGUARDED_AVAILABILITY = YES_AGGRESSIVE;
				CLANG_WARN_UNREACHABLE_CODE = YES;
				CLANG_WARN__DUPLICATE_METHOD_MATCH = YES;
				CODE_SIGN_IDENTITY = "iPhone Developer";
				COPY_PHASE_STRIP = NO;
				DEBUG_INFORMATION_FORMAT = dwarf;
				ENABLE_STRICT_OBJC_MSGSEND = YES;
				ENABLE_TESTABILITY = YES;
				GCC_C_LANGUAGE_STANDARD = gnu11;
				GCC_DYNAMIC_NO_PIC = NO;
				GCC_NO_COMMON_BLOCKS = YES;
				GCC_OPTIMIZATION_LEVEL = 0;
				GCC_PREPROCESSOR_DEFINITIONS = (
					"DEBUG=1",
					"$(inherited)",
				);
				GCC_WARN_64_TO_32_BIT_CONVERSION = YES;
				GCC_WARN_ABOUT_RETURN_TYPE = YES_ERROR;
				GCC_WARN_UNDECLARED_SELECTOR = YES;
				GCC_WARN_UNINITIALIZED_AUTOS = YES_AGGRESSIVE;
				GCC_WARN_UNUSED_FUNCTION = YES;
				GCC_WARN_UNUSED_VARIABLE = YES;
				IPHONEOS_DEPLOYMENT_TARGET = 11.2;
				MTL_ENABLE_DEBUG_INFO = YES;
				ONLY_ACTIVE_ARCH = YES;
				SDKROOT = iphoneos;
				SWIFT_ACTIVE_COMPILATION_CONDITIONS = DEBUG;
				SWIFT_OPTIMIZATION_LEVEL = "-Onone";
			};
			name = Debug;
		};
		EB2E6E0B205EECB700588315 /* Release */ = {
			isa = XCBuildConfiguration;
			buildSettings = {
				ALWAYS_SEARCH_USER_PATHS = NO;
				CLANG_ANALYZER_NONNULL = YES;
				CLANG_ANALYZER_NUMBER_OBJECT_CONVERSION = YES_AGGRESSIVE;
				CLANG_CXX_LANGUAGE_STANDARD = "gnu++14";
				CLANG_CXX_LIBRARY = "libc++";
				CLANG_ENABLE_MODULES = YES;
				CLANG_ENABLE_OBJC_ARC = YES;
				CLANG_WARN_BLOCK_CAPTURE_AUTORELEASING = YES;
				CLANG_WARN_BOOL_CONVERSION = YES;
				CLANG_WARN_COMMA = YES;
				CLANG_WARN_CONSTANT_CONVERSION = YES;
				CLANG_WARN_DIRECT_OBJC_ISA_USAGE = YES_ERROR;
				CLANG_WARN_DOCUMENTATION_COMMENTS = YES;
				CLANG_WARN_EMPTY_BODY = YES;
				CLANG_WARN_ENUM_CONVERSION = YES;
				CLANG_WARN_INFINITE_RECURSION = YES;
				CLANG_WARN_INT_CONVERSION = YES;
				CLANG_WARN_NON_LITERAL_NULL_CONVERSION = YES;
				CLANG_WARN_OBJC_LITERAL_CONVERSION = YES;
				CLANG_WARN_OBJC_ROOT_CLASS = YES_ERROR;
				CLANG_WARN_RANGE_LOOP_ANALYSIS = YES;
				CLANG_WARN_STRICT_PROTOTYPES = YES;
				CLANG_WARN_SUSPICIOUS_MOVE = YES;
				CLANG_WARN_UNGUARDED_AVAILABILITY = YES_AGGRESSIVE;
				CLANG_WARN_UNREACHABLE_CODE = YES;
				CLANG_WARN__DUPLICATE_METHOD_MATCH = YES;
				CODE_SIGN_IDENTITY = "iPhone Developer";
				COPY_PHASE_STRIP = NO;
				DEBUG_INFORMATION_FORMAT = "dwarf-with-dsym";
				ENABLE_NS_ASSERTIONS = NO;
				ENABLE_STRICT_OBJC_MSGSEND = YES;
				GCC_C_LANGUAGE_STANDARD = gnu11;
				GCC_NO_COMMON_BLOCKS = YES;
				GCC_WARN_64_TO_32_BIT_CONVERSION = YES;
				GCC_WARN_ABOUT_RETURN_TYPE = YES_ERROR;
				GCC_WARN_UNDECLARED_SELECTOR = YES;
				GCC_WARN_UNINITIALIZED_AUTOS = YES_AGGRESSIVE;
				GCC_WARN_UNUSED_FUNCTION = YES;
				GCC_WARN_UNUSED_VARIABLE = YES;
				IPHONEOS_DEPLOYMENT_TARGET = 11.2;
				MTL_ENABLE_DEBUG_INFO = NO;
				SDKROOT = iphoneos;
				SWIFT_COMPILATION_MODE = wholemodule;
				SWIFT_OPTIMIZATION_LEVEL = "-O";
				VALIDATE_PRODUCT = YES;
			};
			name = Release;
		};
		EB2E6E0D205EECB700588315 /* Debug */ = {
			isa = XCBuildConfiguration;
			buildSettings = {
				ASSETCATALOG_COMPILER_APPICON_NAME = AppIcon;
				CODE_SIGN_ENTITLEMENTS = MusicTouch/MusicTouch.entitlements;
				CODE_SIGN_STYLE = Automatic;
				DEVELOPMENT_TEAM = S3P397D556;
				FRAMEWORK_SEARCH_PATHS = (
					"$(inherited)",
					"$(PROJECT_DIR)",
				);
				INFOPLIST_FILE = MusicTouch/Info.plist;
				IPHONEOS_DEPLOYMENT_TARGET = 13.0;
				LD_RUNPATH_SEARCH_PATHS = (
					"$(inherited)",
					"@executable_path/Frameworks",
				);
				PRODUCT_BUNDLE_IDENTIFIER = pdiazmon.MusicTouch;
				PRODUCT_NAME = "$(TARGET_NAME)";
				SUPPORTS_MACCATALYST = NO;
				SWIFT_VERSION = 5.0;
				TARGETED_DEVICE_FAMILY = "1,2";
			};
			name = Debug;
		};
		EB2E6E0E205EECB700588315 /* Release */ = {
			isa = XCBuildConfiguration;
			buildSettings = {
				ASSETCATALOG_COMPILER_APPICON_NAME = AppIcon;
				CODE_SIGN_ENTITLEMENTS = MusicTouch/MusicTouch.entitlements;
				CODE_SIGN_STYLE = Automatic;
				DEVELOPMENT_TEAM = S3P397D556;
				FRAMEWORK_SEARCH_PATHS = (
					"$(inherited)",
					"$(PROJECT_DIR)",
				);
				INFOPLIST_FILE = MusicTouch/Info.plist;
				IPHONEOS_DEPLOYMENT_TARGET = 13.0;
				LD_RUNPATH_SEARCH_PATHS = (
					"$(inherited)",
					"@executable_path/Frameworks",
				);
				PRODUCT_BUNDLE_IDENTIFIER = pdiazmon.MusicTouch;
				PRODUCT_NAME = "$(TARGET_NAME)";
				SUPPORTS_MACCATALYST = NO;
				SWIFT_VERSION = 5.0;
				TARGETED_DEVICE_FAMILY = "1,2";
			};
			name = Release;
		};
		EB2E6E10205EECB700588315 /* Debug */ = {
			isa = XCBuildConfiguration;
			buildSettings = {
				ALWAYS_EMBED_SWIFT_STANDARD_LIBRARIES = YES;
				BUNDLE_LOADER = "$(TEST_HOST)";
				CODE_SIGN_STYLE = Automatic;
				DEVELOPMENT_TEAM = S3P397D556;
				INFOPLIST_FILE = MusicTouchTests/Info.plist;
				IPHONEOS_DEPLOYMENT_TARGET = 13.0;
				LD_RUNPATH_SEARCH_PATHS = (
					"$(inherited)",
					"@executable_path/Frameworks",
					"@loader_path/Frameworks",
				);
				PRODUCT_BUNDLE_IDENTIFIER = pdiazmon.MusicTouchTests;
				PRODUCT_NAME = "$(TARGET_NAME)";
				SWIFT_VERSION = 4.0;
				TARGETED_DEVICE_FAMILY = "1,2";
				TEST_HOST = "$(BUILT_PRODUCTS_DIR)/MusicTouch.app/MusicTouch";
			};
			name = Debug;
		};
		EB2E6E11205EECB700588315 /* Release */ = {
			isa = XCBuildConfiguration;
			buildSettings = {
				ALWAYS_EMBED_SWIFT_STANDARD_LIBRARIES = YES;
				BUNDLE_LOADER = "$(TEST_HOST)";
				CODE_SIGN_STYLE = Automatic;
				DEVELOPMENT_TEAM = S3P397D556;
				INFOPLIST_FILE = MusicTouchTests/Info.plist;
				IPHONEOS_DEPLOYMENT_TARGET = 13.0;
				LD_RUNPATH_SEARCH_PATHS = (
					"$(inherited)",
					"@executable_path/Frameworks",
					"@loader_path/Frameworks",
				);
				PRODUCT_BUNDLE_IDENTIFIER = pdiazmon.MusicTouchTests;
				PRODUCT_NAME = "$(TARGET_NAME)";
				SWIFT_VERSION = 4.0;
				TARGETED_DEVICE_FAMILY = "1,2";
				TEST_HOST = "$(BUILT_PRODUCTS_DIR)/MusicTouch.app/MusicTouch";
			};
			name = Release;
		};
		EB2E6E13205EECB700588315 /* Debug */ = {
			isa = XCBuildConfiguration;
			buildSettings = {
				ALWAYS_EMBED_SWIFT_STANDARD_LIBRARIES = YES;
				CODE_SIGN_STYLE = Automatic;
				DEVELOPMENT_TEAM = S3P397D556;
				INFOPLIST_FILE = MusicTouchUITests/Info.plist;
				IPHONEOS_DEPLOYMENT_TARGET = 13.0;
				LD_RUNPATH_SEARCH_PATHS = (
					"$(inherited)",
					"@executable_path/Frameworks",
					"@loader_path/Frameworks",
				);
				PRODUCT_BUNDLE_IDENTIFIER = pdiazmon.MusicTouchUITests;
				PRODUCT_NAME = "$(TARGET_NAME)";
				SWIFT_VERSION = 4.0;
				TARGETED_DEVICE_FAMILY = "1,2";
				TEST_TARGET_NAME = MusicTouch;
			};
			name = Debug;
		};
		EB2E6E14205EECB700588315 /* Release */ = {
			isa = XCBuildConfiguration;
			buildSettings = {
				ALWAYS_EMBED_SWIFT_STANDARD_LIBRARIES = YES;
				CODE_SIGN_STYLE = Automatic;
				DEVELOPMENT_TEAM = S3P397D556;
				INFOPLIST_FILE = MusicTouchUITests/Info.plist;
				IPHONEOS_DEPLOYMENT_TARGET = 13.0;
				LD_RUNPATH_SEARCH_PATHS = (
					"$(inherited)",
					"@executable_path/Frameworks",
					"@loader_path/Frameworks",
				);
				PRODUCT_BUNDLE_IDENTIFIER = pdiazmon.MusicTouchUITests;
				PRODUCT_NAME = "$(TARGET_NAME)";
				SWIFT_VERSION = 4.0;
				TARGETED_DEVICE_FAMILY = "1,2";
				TEST_TARGET_NAME = MusicTouch;
			};
			name = Release;
		};
/* End XCBuildConfiguration section */

/* Begin XCConfigurationList section */
		EB2E6DDD205EECB700588315 /* Build configuration list for PBXProject "MusicTouch" */ = {
			isa = XCConfigurationList;
			buildConfigurations = (
				EB2E6E0A205EECB700588315 /* Debug */,
				EB2E6E0B205EECB700588315 /* Release */,
			);
			defaultConfigurationIsVisible = 0;
			defaultConfigurationName = Release;
		};
		EB2E6E0C205EECB700588315 /* Build configuration list for PBXNativeTarget "MusicTouch" */ = {
			isa = XCConfigurationList;
			buildConfigurations = (
				EB2E6E0D205EECB700588315 /* Debug */,
				EB2E6E0E205EECB700588315 /* Release */,
			);
			defaultConfigurationIsVisible = 0;
			defaultConfigurationName = Release;
		};
		EB2E6E0F205EECB700588315 /* Build configuration list for PBXNativeTarget "MusicTouchTests" */ = {
			isa = XCConfigurationList;
			buildConfigurations = (
				EB2E6E10205EECB700588315 /* Debug */,
				EB2E6E11205EECB700588315 /* Release */,
			);
			defaultConfigurationIsVisible = 0;
			defaultConfigurationName = Release;
		};
		EB2E6E12205EECB700588315 /* Build configuration list for PBXNativeTarget "MusicTouchUITests" */ = {
			isa = XCConfigurationList;
			buildConfigurations = (
				EB2E6E13205EECB700588315 /* Debug */,
				EB2E6E14205EECB700588315 /* Release */,
			);
			defaultConfigurationIsVisible = 0;
			defaultConfigurationName = Release;
		};
/* End XCConfigurationList section */

/* Begin XCRemoteSwiftPackageReference section */
		EB57DAF3243FA21200A06506 /* XCRemoteSwiftPackageReference "NVActivityIndicatorView" */ = {
			isa = XCRemoteSwiftPackageReference;
			repositoryURL = "https://github.com/ninjaprox/NVActivityIndicatorView.git";
			requirement = {
				kind = upToNextMajorVersion;
				minimumVersion = 4.8.0;
			};
		};
		EB9A1AA9243FA33400B53E43 /* XCRemoteSwiftPackageReference "UIFontComplete" */ = {
			isa = XCRemoteSwiftPackageReference;
			repositoryURL = "https://github.com/Nirma/UIFontComplete.git";
			requirement = {
				kind = upToNextMajorVersion;
				minimumVersion = 4.0.1;
			};
		};
/* End XCRemoteSwiftPackageReference section */

/* Begin XCSwiftPackageProductDependency section */
		EB57DAF4243FA21200A06506 /* NVActivityIndicatorView */ = {
			isa = XCSwiftPackageProductDependency;
			package = EB57DAF3243FA21200A06506 /* XCRemoteSwiftPackageReference "NVActivityIndicatorView" */;
			productName = NVActivityIndicatorView;
		};
		EB9A1AAA243FA33400B53E43 /* UIFontComplete */ = {
			isa = XCSwiftPackageProductDependency;
			package = EB9A1AA9243FA33400B53E43 /* XCRemoteSwiftPackageReference "UIFontComplete" */;
			productName = UIFontComplete;
		};
/* End XCSwiftPackageProductDependency section */
	};
	rootObject = EB2E6DDA205EECB700588315 /* Project object */;
}
